{
  "nodes": {
    "aquamarine": {
      "inputs": {
        "hyprutils": [
          "hyprland",
          "hyprutils"
        ],
        "hyprwayland-scanner": [
          "hyprland",
          "hyprwayland-scanner"
        ],
        "nixpkgs": [
          "hyprland",
          "nixpkgs"
        ],
        "systems": [
          "hyprland",
          "systems"
        ]
      },
      "locked": {
        "lastModified": 1788016784,
        "narHash": "sha256-RO90Fk+Rn2Yy+I8oL4ePTLLKLgOAr8hrTx7tlpwdLaA=",
        "owner": "hyprwm",
        "repo": "aquamarine",
        "rev": "783bfd9ae441d1d0519b979ac68b73ddd6e81df0",
        "type": "github"
      },
      "original": {
        "owner": "hyprwm",
        "repo": "aquamarine",
        "type": "github"
      }
    },
    "disko": {
      "inputs": {
        "nixpkgs": [
          "nixpkgs"
        ]
      },
      "locked": {
        "lastModified": 1781152676,
        "narHash": "sha256-RxWs5ND31KzTG7wvMM+PMfUjyNpmIEr999lqNARaM5o=",
        "owner": "nix-community",
        "repo": "disko",
        "rev": "ff8702b4de27f72b4c78573dfb89ec74e36abdf1",
        "type": "github"
      },
      "original": {
        "owner": "nix-community",
        "repo": "disko",
        "type": "github"
      }
    },
    "flake-compat": {
      "flake": false,
      "locked": {
        "lastModified": 1767039857,
        "narHash": "sha256-vNpUSpF5Nuw8xvDLj2KCwwksIbjua2LZCqhV1LNRDns=",
        "owner": "NixOS",
        "repo": "flake-compat",
        "rev": "5edf11c44bc78a0d334f6334cdaf7d60d732daab",
        "type": "github"
      },
      "original": {
        "owner": "NixOS",
        "repo": "flake-compat",
        "type": "github"
      }
    },
    "flake-compat_2": {
      "flake": false,
      "locked": {
        "lastModified": 1767039857,
        "narHash": "sha256-vNpUSpF5Nuw8xvDLj2KCwwksIbjua2LZCqhV1LNRDns=",
        "owner": "NixOS",
        "repo": "flake-compat",
        "rev": "5edf11c44bc78a0d334f6334cdaf7d60d732daab",
        "type": "github"
      },
      "original": {
        "owner": "NixOS",
        "repo": "flake-compat",
        "type": "github"
      }
    },
    "flake-parts": {
      "inputs": {
        "nixpkgs-lib": "nixpkgs-lib"
      },
      "locked": {
        "lastModified": 1762440070,
        "narHash": "sha256-xxdepIcb39UJ94+YydGP221rjnpkDZUlykKuF54PsqI=",
        "owner": "hercules-ci",
        "repo": "flake-parts",
        "rev": "26d05891e14c88eb4a5d5bee659c0db5afb609d8",
        "type": "github"
      },
      "original": {
        "owner": "hercules-ci",
        "repo": "flake-parts",
        "type": "github"
      }
    },
    "flake-parts_2": {
      "inputs": {
        "nixpkgs-lib": "nixpkgs-lib_2"
      },
      "locked": {
        "lastModified": 1787559586,
        "narHash": "sha256-onL0VLf9vPllmT0H/OlURIU5r5t5WIEl7t4tVNKT0Nw=",
        "owner": "hercules-ci",
        "repo": "flake-parts",
        "rev": "9d0d87172c374f89da73c1cfe6d81ae62feac1f1",
        "type": "github"
      },
      "original": {
        "owner": "hercules-ci",
        "repo": "flake-parts",
        "type": "github"
      }
    },
    "flake-parts_3": {
      "inputs": {
        "nixpkgs-lib": "nixpkgs-lib_3"
      },
      "locked": {
        "lastModified": 1772408722,
        "narHash": "sha256-rHuJtdcOjK7rAHpHphUb1iCvgkU3GpfvicLMwwnfMT0=",
        "owner": "hercules-ci",
        "repo": "flake-parts",
        "rev": "f20dc5d9b8027381c474144ecabc9034d6a839a3",
        "type": "github"
      },
      "original": {
        "owner": "hercules-ci",
        "repo": "flake-parts",
        "type": "github"
      }
    },
    "git-hooks": {
      "inputs": {
        "flake-compat": [
          "nix-gaming",
          "flake-compat"
        ],
        "nixpkgs": [
          "nix-gaming",
          "nixpkgs"
        ]
      },
      "locked": {
        "lastModified": 1787424939,
        "narHash": "sha256-O2tBn84NNuHrnqNVxx/XqsXwfYvS1YwBh+7CBnbCYsk=",
        "owner": "cachix",
        "repo": "git-hooks.nix",
        "rev": "809414f0cdadf82cf11b06c2b29ba9b3168b3297",
        "type": "github"
      },
      "original": {
        "owner": "cachix",
        "repo": "git-hooks.nix",
        "type": "github"
      }
    },
    "herald": {
      "inputs": {
        "nixpkgs": [
          "nixpkgs"
        ]
      },
      "locked": {
        "lastModified": 1768869314,
        "narHash": "sha256-asSID0JEKampUh/QIGOfrrZw18F4PiVRXLnDCAoJBWI=",
        "owner": "nfrastack",
        "repo": "herald",
        "rev": "658e15976fc0ed8e3a3bd0e47ce1ee523fe5654f",
        "type": "github"
      },
      "original": {
        "owner": "nfrastack",
        "repo": "herald",
        "type": "github"
      }
    },
    "home-manager": {
      "inputs": {
        "nixpkgs": [
          "impermanence",
          "nixpkgs"
        ]
      },
      "locked": {
        "lastModified": 1768598210,
        "narHash": "sha256-kkgA32s/f4jaa4UG+2f8C225Qvclxnqs76mf8zvTVPg=",
        "owner": "nix-community",
        "repo": "home-manager",
        "rev": "c47b2cc64a629f8e075de52e4742de688f930dc6",
        "type": "github"
      },
      "original": {
        "owner": "nix-community",
        "repo": "home-manager",
        "type": "github"
      }
    },
    "home-manager-26-05": {
      "inputs": {
        "nixpkgs": [
          "nixpkgs-26-05"
        ]
      },
      "locked": {
        "lastModified": 1787377438,
        "narHash": "sha256-Sxu1NLTD/Ern6hFGLlZmtKCSct3YQXZI/lls8RE1XeM=",
        "owner": "nix-community",
        "repo": "home-manager",
        "rev": "65258d5c65a250189fde2e35f490d15e064c4c62",
        "type": "github"
      },
      "original": {
        "owner": "nix-community",
        "ref": "release-26.05",
        "repo": "home-manager",
        "type": "github"
      }
    },
    "home-manager-unstable": {
      "inputs": {
        "nixpkgs": [
          "nixpkgs-unstable"
        ]
      },
      "locked": {
        "lastModified": 1788146656,
        "narHash": "sha256-XmJmvk9rytTb7dCotO/aqR+YysB8HOqnprlOdv+LAF4=",
        "owner": "nix-community",
        "repo": "home-manager",
        "rev": "82c265faf4e3161d6015db07c9b0f1ee36a9029b",
        "type": "github"
      },
      "original": {
        "owner": "nix-community",
        "ref": "master",
        "repo": "home-manager",
        "type": "github"
      }
    },
    "hyprcursor": {
      "inputs": {
        "hyprlang": [
          "hyprland",
          "hyprlang"
        ],
        "nixpkgs": [
          "hyprland",
          "nixpkgs"
        ],
        "systems": [
          "hyprland",
          "systems"
        ]
      },
      "locked": {
        "lastModified": 1786464181,
        "narHash": "sha256-2alOMkLjXANh7unkZnYnCF2K2rApZaOLMoQ3o+VX2CY=",
        "owner": "hyprwm",
        "repo": "hyprcursor",
        "rev": "e4ed7c08123df5af460a0a70961380cbfb872f76",
        "type": "github"
      },
      "original": {
        "owner": "hyprwm",
        "repo": "hyprcursor",
        "type": "github"
      }
    },
    "hyprgraphics": {
      "inputs": {
        "hyprutils": [
          "hyprland",
          "hyprutils"
        ],
        "nixpkgs": [
          "hyprland",
          "nixpkgs"
        ],
        "systems": [
          "hyprland",
          "systems"
        ]
      },
      "locked": {
        "lastModified": 1786464367,
        "narHash": "sha256-k58p4wbzIXWyRWrW84pP8tD+iaZSSYiiM+fr0Auk4oU=",
        "owner": "hyprwm",
        "repo": "hyprgraphics",
        "rev": "7c895c44e3ca6d28ed68ddd80ec02b02b925e7fc",
        "type": "github"
      },
      "original": {
        "owner": "hyprwm",
        "repo": "hyprgraphics",
        "type": "github"
      }
    },
    "hyprland": {
      "inputs": {
        "aquamarine": "aquamarine",
        "hyprcursor": "hyprcursor",
        "hyprgraphics": "hyprgraphics",
        "hyprland-guiutils": "hyprland-guiutils",
        "hyprland-protocols": "hyprland-protocols",
        "hyprlang": "hyprlang",
        "hyprutils": "hyprutils",
        "hyprwayland-scanner": "hyprwayland-scanner",
        "hyprwire": "hyprwire",
        "nixpkgs": "nixpkgs",
        "pre-commit-hooks": "pre-commit-hooks",
        "systems": "systems",
        "xdph": "xdph"
      },
      "locked": {
        "lastModified": 1788187241,
        "narHash": "sha256-hma7UZUvAKBAHEGSXrUmtgpn3mXKropa1OrkVHx+I+A=",
        "ref": "refs/heads/main",
        "rev": "3b2dadd987fd9da19006a4969036777f44c98f61",
        "revCount": 7780,
        "submodules": true,
        "type": "git",
        "url": "https://github.com/hyprwm/Hyprland"
      },
      "original": {
        "submodules": true,
        "type": "git",
        "url": "https://github.com/hyprwm/Hyprland"
      }
    },
    "hyprland-guiutils": {
      "inputs": {
        "aquamarine": [
          "hyprland",
          "aquamarine"
        ],
        "hyprgraphics": [
          "hyprland",
          "hyprgraphics"
        ],
        "hyprlang": [
          "hyprland",
          "hyprlang"
        ],
        "hyprtoolkit": "hyprtoolkit",
        "hyprutils": [
          "hyprland",
          "hyprutils"
        ],
        "hyprwayland-scanner": [
          "hyprland",
          "hyprwayland-scanner"
        ],
        "nixpkgs": [
          "hyprland",
          "nixpkgs"
        ],
        "systems": [
          "hyprland",
          "systems"
        ]
      },
      "locked": {
        "lastModified": 1786464504,
        "narHash": "sha256-7sHwM86KILQyHDHDuE2SDBlQ2jvZ0EW3hY7sW009/cg=",
        "owner": "hyprwm",
        "repo": "hyprland-guiutils",
        "rev": "4c30cf3097ea963c0e250749ee0c59f8b08816d6",
        "type": "github"
      },
      "original": {
        "owner": "hyprwm",
        "repo": "hyprland-guiutils",
        "type": "github"
      }
    },
    "hyprland-protocols": {
      "inputs": {
        "nixpkgs": [
          "hyprland",
          "nixpkgs"
        ],
        "systems": [
          "hyprland",
          "systems"
        ]
      },
      "locked": {
        "lastModified": 1772460177,
        "narHash": "sha256-/6G/MsPvtn7bc4Y32pserBT/Z4SUUdBd4XYJpOEKVR4=",
        "owner": "hyprwm",
        "repo": "hyprland-protocols",
        "rev": "1cb6db5fd6bb8aee419f4457402fa18293ace917",
        "type": "github"
      },
      "original": {
        "owner": "hyprwm",
        "repo": "hyprland-protocols",
        "type": "github"
      }
    },
    "hyprlang": {
      "inputs": {
        "hyprutils": [
          "hyprland",
          "hyprutils"
        ],
        "nixpkgs": [
          "hyprland",
          "nixpkgs"
        ],
        "systems": [
          "hyprland",
          "systems"
        ]
      },
      "locked": {
        "lastModified": 1786464129,
        "narHash": "sha256-339AkTlpMYSIvFuG0rnR+8Yg4/AZKeJalshJavlnKfg=",
        "owner": "hyprwm",
        "repo": "hyprlang",
        "rev": "9508458be316a0d70d37ebed1ab725ccd10411ff",
        "type": "github"
      },
      "original": {
        "owner": "hyprwm",
        "repo": "hyprlang",
        "type": "github"
      }
    },
    "hyprtoolkit": {
      "inputs": {
        "aquamarine": [
          "hyprland",
          "hyprland-guiutils",
          "aquamarine"
        ],
        "hyprgraphics": [
          "hyprland",
          "hyprland-guiutils",
          "hyprgraphics"
        ],
        "hyprlang": [
          "hyprland",
          "hyprland-guiutils",
          "hyprlang"
        ],
        "hyprutils": [
          "hyprland",
          "hyprland-guiutils",
          "hyprutils"
        ],
        "hyprwayland-scanner": [
          "hyprland",
          "hyprland-guiutils",
          "hyprwayland-scanner"
        ],
        "nixpkgs": [
          "hyprland",
          "hyprland-guiutils",
          "nixpkgs"
        ],
        "systems": [
          "hyprland",
          "hyprland-guiutils",
          "systems"
        ]
      },
      "locked": {
        "lastModified": 1785930473,
        "narHash": "sha256-DitTu625BhEYpZjtjxtGpjrEJwPwW+X/+jJvhSZNSJM=",
        "owner": "hyprwm",
        "repo": "hyprtoolkit",
        "rev": "af515b69dfbe366dc7873aa1475cb2f4db3ebad7",
        "type": "github"
      },
      "original": {
        "owner": "hyprwm",
        "repo": "hyprtoolkit",
        "type": "github"
      }
    },
    "hyprutils": {
      "inputs": {
        "nixpkgs": [
          "hyprland",
          "nixpkgs"
        ],
        "systems": [
          "hyprland",
          "systems"
        ]
      },
      "locked": {
        "lastModified": 1786903207,
        "narHash": "sha256-QTwMqLLONRhv9iz6CVeuX6BqQNQCIqI8hL/cPYlR/24=",
        "owner": "hyprwm",
        "repo": "hyprutils",
        "rev": "6cf50415e06dc6bd9f1252f1b745eac6b4a1cc39",
        "type": "github"
      },
      "original": {
        "owner": "hyprwm",
        "repo": "hyprutils",
        "type": "github"
      }
    },
    "hyprwayland-scanner": {
      "inputs": {
        "nixpkgs": [
          "hyprland",
          "nixpkgs"
        ],
        "systems": [
          "hyprland",
          "systems"
        ]
      },
      "locked": {
        "lastModified": 1786464033,
        "narHash": "sha256-QM8Qe4/L8lpdVN4bgwahmi+jyyc4fisseDMe4afcDxA=",
        "owner": "hyprwm",
        "repo": "hyprwayland-scanner",
        "rev": "62e62c1ca23da17612c6890d4ad2064f575643db",
        "type": "github"
      },
      "original": {
        "owner": "hyprwm",
        "repo": "hyprwayland-scanner",
        "type": "github"
      }
    },
    "hyprwire": {
      "inputs": {
        "hyprutils": [
          "hyprland",
          "hyprutils"
        ],
        "nixpkgs": [
          "hyprland",
          "nixpkgs"
        ],
        "systems": [
          "hyprland",
          "systems"
        ]
      },
      "locked": {
        "lastModified": 1786464294,
        "narHash": "sha256-ZQsZ2WvBdkboCIyh8LStDPdAIARmxzn0XMNxxoOhjPE=",
        "owner": "hyprwm",
        "repo": "hyprwire",
        "rev": "4ce7cd6b6128c1ac41caf23c58a30a26b327f9dd",
        "type": "github"
      },
      "original": {
        "owner": "hyprwm",
        "repo": "hyprwire",
        "type": "github"
      }
    },
    "impermanence": {
      "inputs": {
        "home-manager": "home-manager",
        "nixpkgs": "nixpkgs_2"
      },
      "locked": {
        "lastModified": 1769548169,
        "narHash": "sha256-03+JxvzmfwRu+5JafM0DLbxgHttOQZkUtDWBmeUkN8Y=",
        "owner": "nix-community",
        "repo": "impermanence",
        "rev": "7b1d382faf603b6d264f58627330f9faa5cba149",
        "type": "github"
      },
      "original": {
        "owner": "nix-community",
        "repo": "impermanence",
        "type": "github"
      }
    },
    "minecraft-plymouth-theme": {
      "inputs": {
        "flake-parts": "flake-parts",
        "nixpkgs": "nixpkgs_3",
        "systems": "systems_2"
      },
      "locked": {
        "lastModified": 1784285233,
        "narHash": "sha256-C+CVl3OcpGtqMD9HX5/C7tn6X39dxEPurEoop3MToXo=",
        "owner": "nikp123",
        "repo": "minecraft-plymouth-theme",
        "rev": "f0b471e0642f132f9af1e09324f8def18400f60f",
        "type": "github"
      },
      "original": {
        "owner": "nikp123",
        "repo": "minecraft-plymouth-theme",
        "type": "github"
      }
    },
    "nix-gaming": {
      "inputs": {
        "flake-compat": "flake-compat_2",
        "flake-parts": "flake-parts_2",
        "git-hooks": "git-hooks",
        "nixpkgs": [
          "nixpkgs"
        ]
      },
      "locked": {
        "lastModified": 1788064340,
        "narHash": "sha256-QehJP4PYmGoibbmFKYUA19wvdESywXNC+9DHxcuos48=",
        "owner": "fufexan",
        "repo": "nix-gaming",
        "rev": "51de0cca39be715df8e02218421cc7f91388228e",
        "type": "github"
      },
      "original": {
        "owner": "fufexan",
        "repo": "nix-gaming",
        "type": "github"
      }
    },
    "nix-networkd": {
      "inputs": {
        "nixpkgs": "nixpkgs_4"
      },
      "locked": {
        "lastModified": 1764698724,
        "narHash": "sha256-hLVoR80nOujuSx7HbiJgLeTnU7kBbbtAh2sFjX4L754=",
        "path": "/home/xavier/src/gh/nix-networkd",
        "type": "path"
      },
      "original": {
        "path": "/home/xavier/src/gh/nix-networkd",
        "type": "path"
      }
    },
    "nixos-modules": {
      "locked": {
        "lastModified": 1788216251,
        "narHash": "sha256-Zt8pJU3bHz2OjYlwrsZVtv+fcs9mprIrwJeQ64F3Zg8=",
        "path": "/home/xavier/src/nixos-modules",
        "type": "path"
      },
      "original": {
        "path": "/home/xavier/src/nixos-modules",
        "type": "path"
      }
    },
    "nixpkgs": {
      "locked": {
        "lastModified": 1787736819,
        "narHash": "sha256-cV5xEJJK3BvhU8rEd4mC9UsmDi5qscv/kzGPhBRC5WA=",
        "owner": "NixOS",
        "repo": "nixpkgs",
        "rev": "9fbb54b33e91ee4ca368e35a78e0613c720600b3",
        "type": "github"
      },
      "original": {
        "owner": "NixOS",
        "ref": "nixos-unstable",
        "repo": "nixpkgs",
        "type": "github"
      }
    },
    "nixpkgs-26-05": {
      "locked": {
        "lastModified": 1787962033,
        "narHash": "sha256-u6z9VTZA4Kf3RkHQo9sQI7NI4Ei/uiU9vrMqOiwWP1Y=",
        "owner": "NixOS",
        "repo": "nixpkgs",
        "rev": "c5c4a43b0e8056328ec4529f735cabdb8f1942bb",
        "type": "github"
      },
      "original": {
        "owner": "NixOS",
        "ref": "nixos-26.05",
        "repo": "nixpkgs",
        "type": "github"
      }
    },
    "nixpkgs-26-05-small": {
      "locked": {
        "lastModified": 1788181121,
        "narHash": "sha256-1PaKY8rxqPKgZd0kPJDSM2XHTLtODuo64AcMXXxZJ6U=",
        "owner": "NixOS",
        "repo": "nixpkgs",
        "rev": "68777210cd7f124b02e334e03cd366117355ab0b",
        "type": "github"
      },
      "original": {
        "owner": "NixOS",
        "ref": "nixos-26.05-small",
        "repo": "nixpkgs",
        "type": "github"
      }
    },
    "nixpkgs-lib": {
      "locked": {
        "lastModified": 1761765539,
        "narHash": "sha256-b0yj6kfvO8ApcSE+QmA6mUfu8IYG6/uU28OFn4PaC8M=",
        "owner": "nix-community",
        "repo": "nixpkgs.lib",
        "rev": "719359f4562934ae99f5443f20aa06c2ffff91fc",
        "type": "github"
      },
      "original": {
        "owner": "nix-community",
        "repo": "nixpkgs.lib",
        "type": "github"
      }
    },
    "nixpkgs-lib_2": {
      "locked": {
        "lastModified": 1785031560,
        "narHash": "sha256-OmshNvn2vupOFpYinLUu+1Dnpu4n7Q5N3ggGVNHpkUI=",
        "owner": "nix-community",
        "repo": "nixpkgs.lib",
        "rev": "0e79af5e3d4dcfcd676ab5ba3f95d2e3352e078c",
        "type": "github"
      },
      "original": {
        "owner": "nix-community",
        "repo": "nixpkgs.lib",
        "type": "github"
      }
    },
    "nixpkgs-lib_3": {
      "locked": {
        "lastModified": 1772328832,
        "narHash": "sha256-e+/T/pmEkLP6BHhYjx6GmwP5ivonQQn0bJdH9YrRB+Q=",
        "owner": "nix-community",
        "repo": "nixpkgs.lib",
        "rev": "c185c7a5e5dd8f9add5b2f8ebeff00888b070742",
        "type": "github"
      },
      "original": {
        "owner": "nix-community",
        "repo": "nixpkgs.lib",
        "type": "github"
      }
    },
    "nixpkgs-unstable": {
      "locked": {
        "lastModified": 1788039129,
        "narHash": "sha256-pa4Q0qErvCvzCaaUph7Sm37RhR4xvPrYI8Lgz6k85+A=",
        "owner": "NixOS",
        "repo": "nixpkgs",
        "rev": "d2f67949798825fe853f7c5d0492b8bf016d3f88",
        "type": "github"
      },
      "original": {
        "owner": "NixOS",
        "ref": "nixos-unstable",
        "repo": "nixpkgs",
        "type": "github"
      }
    },
    "nixpkgs-unstable-small": {
      "locked": {
        "lastModified": 1788194298,
        "narHash": "sha256-Zt7o5H5OUfdXS2wcGlzeoPPQmX7OmbGJ83jZX/9BCfc=",
        "owner": "NixOS",
        "repo": "nixpkgs",
        "rev": "c5688f72f465acd2dc53167e410f19fd599a9533",
        "type": "github"
      },
      "original": {
        "owner": "NixOS",
        "ref": "nixos-unstable-small",
        "repo": "nixpkgs",
        "type": "github"
      }
    },
    "nixpkgs_2": {
      "locked": {
        "lastModified": 1768564909,
        "narHash": "sha256-Kell/SpJYVkHWMvnhqJz/8DqQg2b6PguxVWOuadbHCc=",
        "owner": "nixos",
        "repo": "nixpkgs",
        "rev": "e4bae1bd10c9c57b2cf517953ab70060a828ee6f",
        "type": "github"
      },
      "original": {
        "owner": "nixos",
        "ref": "nixos-unstable",
        "repo": "nixpkgs",
        "type": "github"
      }
    },
    "nixpkgs_3": {
      "locked": {
        "lastModified": 1762363567,
        "narHash": "sha256-YRqMDEtSMbitIMj+JLpheSz0pwEr0Rmy5mC7myl17xs=",
        "owner": "nixos",
        "repo": "nixpkgs",
        "rev": "ae814fd3904b621d8ab97418f1d0f2eb0d3716f4",
        "type": "github"
      },
      "original": {
        "owner": "nixos",
        "ref": "nixos-unstable",
        "repo": "nixpkgs",
        "type": "github"
      }
    },
    "nixpkgs_4": {
      "locked": {
        "lastModified": 1787964612,
        "narHash": "sha256-qeiZaY+0tpZXliRA9odCNx+sOfIOhnkcUq9t+ctPrRA=",
        "rev": "e8be7818e19ada32105a8af937a6a473b38167ca",
        "type": "tarball",
        "url": "https://releases.nixos.org/nixpkgs/nixpkgs-26.11pre1063758.e8be7818e19a/nixexprs.tar.xz"
      },
      "original": {
        "id": "nixpkgs",
        "type": "indirect"
      }
    },
    "nixpkgs_5": {
      "locked": {
        "lastModified": 1787964612,
        "narHash": "sha256-qeiZaY+0tpZXliRA9odCNx+sOfIOhnkcUq9t+ctPrRA=",
        "rev": "e8be7818e19ada32105a8af937a6a473b38167ca",
        "type": "tarball",
        "url": "https://releases.nixos.org/nixpkgs/nixpkgs-26.11pre1063758.e8be7818e19a/nixexprs.tar.xz"
      },
      "original": {
        "id": "nixpkgs",
        "type": "indirect"
      }
    },
    "pre-commit-hooks": {
      "inputs": {
        "flake-compat": "flake-compat",
        "nixpkgs": [
          "hyprland",
          "nixpkgs"
        ]
      },
      "locked": {
        "lastModified": 1787424939,
        "narHash": "sha256-O2tBn84NNuHrnqNVxx/XqsXwfYvS1YwBh+7CBnbCYsk=",
        "owner": "cachix",
        "repo": "git-hooks.nix",
        "rev": "809414f0cdadf82cf11b06c2b29ba9b3168b3297",
        "type": "github"
      },
      "original": {
        "owner": "cachix",
        "repo": "git-hooks.nix",
        "type": "github"
      }
    },
    "root": {
      "inputs": {
        "disko": "disko",
        "herald": "herald",
        "home-manager-26-05": "home-manager-26-05",
        "home-manager-unstable": "home-manager-unstable",
        "hyprland": "hyprland",
        "impermanence": "impermanence",
        "minecraft-plymouth-theme": "minecraft-plymouth-theme",
        "nix-gaming": "nix-gaming",
        "nix-networkd": "nix-networkd",
        "nixos-modules": "nixos-modules",
        "nixpkgs": "nixpkgs_5",
        "nixpkgs-26-05": "nixpkgs-26-05",
        "nixpkgs-26-05-small": "nixpkgs-26-05-small",
        "nixpkgs-unstable": "nixpkgs-unstable",
        "nixpkgs-unstable-small": "nixpkgs-unstable-small",
        "sops-nix": "sops-nix",
        "vscode-server": "vscode-server",
        "zeroplex": "zeroplex"
      }
    },
    "sops-nix": {
      "inputs": {
        "nixpkgs": [
          "nixpkgs"
        ]
      },
      "locked": {
        "lastModified": 1786629091,
        "narHash": "sha256-gkig4nPi1CWc4Z50GBsjE4ygSE7hMpl/TwID2an2Cck=",
        "owner": "Mic92",
        "repo": "sops-nix",
        "rev": "a8627b21b9107c5711c96b84f32a9a4b3d45295f",
        "type": "github"
      },
      "original": {
        "owner": "Mic92",
        "repo": "sops-nix",
        "type": "github"
      }
    },
    "systems": {
      "locked": {
        "lastModified": 1689347949,
        "narHash": "sha256-12tWmuL2zgBgZkdoB6qXZsgJEH9LR3oUgpaQq2RbI80=",
        "owner": "nix-systems",
        "repo": "default-linux",
        "rev": "31732fcf5e8fea42e59c2488ad31a0e651500f68",
        "type": "github"
      },
      "original": {
        "owner": "nix-systems",
        "repo": "default-linux",
        "type": "github"
      }
    },
    "systems_2": {
      "locked": {
        "lastModified": 1689347949,
        "narHash": "sha256-12tWmuL2zgBgZkdoB6qXZsgJEH9LR3oUgpaQq2RbI80=",
        "owner": "nix-systems",
        "repo": "default-linux",
        "rev": "31732fcf5e8fea42e59c2488ad31a0e651500f68",
        "type": "github"
      },
      "original": {
        "owner": "nix-systems",
        "repo": "default-linux",
        "type": "github"
      }
    },
    "vscode-server": {
      "inputs": {
        "flake-parts": "flake-parts_3"
      },
      "locked": {
        "lastModified": 1784312229,
        "narHash": "sha256-2uHCSUw341o3my1R0U0YCfbnMEazylxb58evWsjGL50=",
        "owner": "nix-community",
        "repo": "nixos-vscode-server",
        "rev": "2f984dfbe7e5271b5c413d3e734374cc1306c921",
        "type": "github"
      },
      "original": {
        "owner": "nix-community",
        "repo": "nixos-vscode-server",
        "type": "github"
      }
    },
    "xdph": {
      "inputs": {
        "hyprland-protocols": [
          "hyprland",
          "hyprland-protocols"
        ],
        "hyprlang": [
          "hyprland",
          "hyprlang"
        ],
        "hyprutils": [
          "hyprland",
          "hyprutils"
        ],
        "hyprwayland-scanner": [
          "hyprland",
          "hyprwayland-scanner"
        ],
        "nixpkgs": [
          "hyprland",
          "nixpkgs"
        ],
        "systems": [
          "hyprland",
          "systems"
        ]
      },
      "locked": {
        "lastModified": 1786988229,
        "narHash": "sha256-frEFLVRj8xXvBBDs44IRiqHo6R2PxsRpluygL7abjjI=",
        "owner": "hyprwm",
        "repo": "xdg-desktop-portal-hyprland",
        "rev": "59d429bf45aed4e2209043c0c36565ad8e2859a5",
        "type": "github"
      },
      "original": {
        "owner": "hyprwm",
        "repo": "xdg-desktop-portal-hyprland",
        "type": "github"
      }
    },
    "zeroplex": {
      "inputs": {
        "nixpkgs": [
          "nixpkgs"
        ]
      },
      "locked": {
        "lastModified": 1760566397,
        "narHash": "sha256-hL8GiFs7LOCAozpoevcuAaksWMi7DWBcbhpVA8yvdLY=",
        "owner": "nfrastack",
        "repo": "zeroplex",
        "rev": "686b0bf3c9605fe86f08ae9833cc1f8816e7ff44",
        "type": "github"
      },
      "original": {
        "owner": "nfrastack",
        "repo": "zeroplex",
        "type": "github"
      }
    }
  },
  "root": "root",
  "version": 7
}
